{
  "name": "@pasko70/pibo-workflows",
  "version": "0.0.0",
  "lockfileVersion": 3,
  "requires": true,
  "packages": {
    "": {
      "name": "@pasko70/pibo-workflows",
      "version": "0.0.0",
      "dependencies": {
        "xstate": "^5.31.1"
      },
      "devDependencies": {}
    },
    "node_modules/xstate": {
      "version": "5.31.1",
      "resolved": "https://registry.npmjs.org/xstate/-/xstate-5.31.1.tgz",
      "integrity": "sha512-3P7t7GQ61BvLu+8Cj6Zq7rcS34vecL9pvfN2ucUWmIFIUG+rAREviOs4Xy4OO3BuJHSz6RLU8eqDXxSbVotjDQ==",
      "license": "MIT",
      "funding": {
        "type": "opencollective",
        "url": "https://opencollective.com/xstate"
      }
    }
  }
}
